
Microsoft Visual Studio Solution File, Format Version 12.00
# Visual Studio Version 16
VisualStudioVersion = 16.0.31112.23
MinimumVisualStudioVersion = 10.0.40219.1
Project("{FAE04EC0-301F-11D3-BF4B-00C04F79EFBC}") = "SFS_ASP_1", "SFS_ASP_1\SFS_ASP_1.csproj", "{AEAABD16-8397-401D-A064-E5BFCC3D4188}"
EndProject
Project("{FAE04EC0-301F-11D3-BF4B-00C04F79EFBC}") = "Reportes", "Reportes\Reportes.csproj", "{D2FF2EAF-2F6C-4132-9BC4-BB4173EEF840}"
EndProject
Project("{FAE04EC0-301F-11D3-BF4B-00C04F79EFBC}") = "Email", "Email\Email.csproj", "{3C734613-0539-4C92-BA46-67CCC21A1567}"
EndProject
Global
	GlobalSection(SolutionConfigurationPlatforms) = preSolution
		Debug|Any CPU = Debug|Any CPU
		Release|Any CPU = Release|Any CPU
	EndGlobalSection
	GlobalSection(ProjectConfigurationPlatforms) = postSolution
		{AEAABD16-8397-401D-A064-E5BFCC3D4188}.Debug|Any CPU.ActiveCfg = Debug|Any CPU
		{AEAABD16-8397-401D-A064-E5BFCC3D4188}.Debug|Any CPU.Build.0 = Debug|Any CPU
		{AEAABD16-8397-401D-A064-E5BFCC3D4188}.Release|Any CPU.ActiveCfg = Release|Any CPU
		{AEAABD16-8397-401D-A064-E5BFCC3D4188}.Release|Any CPU.Build.0 = Release|Any CPU
		{D2FF2EAF-2F6C-4132-9BC4-BB4173EEF840}.Debug|Any CPU.ActiveCfg = Debug|Any CPU
		{D2FF2EAF-2F6C-4132-9BC4-BB4173EEF840}.Debug|Any CPU.Build.0 = Debug|Any CPU
		{D2FF2EAF-2F6C-4132-9BC4-BB4173EEF840}.Release|Any CPU.ActiveCfg = Release|Any CPU
		{D2FF2EAF-2F6C-4132-9BC4-BB4173EEF840}.Release|Any CPU.Build.0 = Release|Any CPU
		{3C734613-0539-4C92-BA46-67CCC21A1567}.Debug|Any CPU.ActiveCfg = Debug|Any CPU
		{3C734613-0539-4C92-BA46-67CCC21A1567}.Debug|Any CPU.Build.0 = Debug|Any CPU
		{3C734613-0539-4C92-BA46-67CCC21A1567}.Release|Any CPU.ActiveCfg = Release|Any CPU
		{3C734613-0539-4C92-BA46-67CCC21A1567}.Release|Any CPU.Build.0 = Release|Any CPU
	EndGlobalSection
	GlobalSection(SolutionProperties) = preSolution
		HideSolutionNode = FALSE
	EndGlobalSection
	GlobalSection(ExtensibilityGlobals) = postSolution
		SolutionGuid = {C79A1A8F-03FF-443F-B47C-19F064F45BB7}
	EndGlobalSection
EndGlobal
